Microsoft Visual Studio Solution File, Format Version 12.00
# Visual Studio Version 17
VisualStudioVersion = 17.14.35906.104
MinimumVisualStudioVersion = 10.0.40219.1
Project("{FAE04EC0-301F-11D3-BF4B-00C04F79EFBC}") = "AWS_IAM_List_Account_Policies", "AWS_IAM_List_Account_Policies.csproj", "{F175B814-5850-4727-99C7-E487042CB591}"
EndProject
Global
	GlobalSection(SolutionConfigurationPlatforms) = preSolution
		Debug|Any CPU = Debug|Any CPU
		Release|Any CPU = Release|Any CPU
	EndGlobalSection
	GlobalSection(ProjectConfigurationPlatforms) = postSolution
		{F175B814-5850-4727-99C7-E487042CB591}.Debug|Any CPU.ActiveCfg = Debug|Any CPU
		{F175B814-5850-4727-99C7-E487042CB591}.Debug|Any CPU.Build.0 = Debug|Any CPU
		{F175B814-5850-4727-99C7-E487042CB591}.Release|Any CPU.ActiveCfg = Release|Any CPU
		{F175B814-5850-4727-99C7-E487042CB591}.Release|Any CPU.Build.0 = Release|Any CPU
	EndGlobalSection
	GlobalSection(SolutionProperties) = preSolution
		HideSolutionNode = FALSE
	EndGlobalSection
	GlobalSection(ExtensibilityGlobals) = postSolution
		SolutionGuid = {8325F5C5-B91E-48E9-A8D4-CBE64148BBA5}
	EndGlobalSection
EndGlobal
